
Microsoft Visual Studio Solution File, Format Version 12.00
# Visual Studio Version 17
VisualStudioVersion = 17.5.002.0
MinimumVisualStudioVersion = 10.0.40219.1
Project("{9A19103F-16F7-4668-BE54-9A1E7A4F7556}") = "Back", "Back\Back.csproj", "{CC0E1C7E-C7B2-4E4F-B0ED-00D3EA690C0B}"
EndProject
Project("{FAE04EC0-301F-11D3-BF4B-00C04F79EFBC}") = "Tests", "Tests\Tests.csproj", "{99D7C025-E78F-4724-9D57-384495B593EB}"
EndProject
Global
	GlobalSection(SolutionConfigurationPlatforms) = preSolution
		Debug|Any CPU = Debug|Any CPU
		Release|Any CPU = Release|Any CPU
	EndGlobalSection
	GlobalSection(ProjectConfigurationPlatforms) = postSolution
		{CC0E1C7E-C7B2-4E4F-B0ED-00D3EA690C0B}.Debug|Any CPU.ActiveCfg = Debug|Any CPU
		{CC0E1C7E-C7B2-4E4F-B0ED-00D3EA690C0B}.Debug|Any CPU.Build.0 = Debug|Any CPU
		{CC0E1C7E-C7B2-4E4F-B0ED-00D3EA690C0B}.Release|Any CPU.ActiveCfg = Release|Any CPU
		{CC0E1C7E-C7B2-4E4F-B0ED-00D3EA690C0B}.Release|Any CPU.Build.0 = Release|Any CPU
		{99D7C025-E78F-4724-9D57-384495B593EB}.Debug|Any CPU.ActiveCfg = Debug|Any CPU
		{99D7C025-E78F-4724-9D57-384495B593EB}.Debug|Any CPU.Build.0 = Debug|Any CPU
		{99D7C025-E78F-4724-9D57-384495B593EB}.Release|Any CPU.ActiveCfg = Release|Any CPU
		{99D7C025-E78F-4724-9D57-384495B593EB}.Release|Any CPU.Build.0 = Release|Any CPU
	EndGlobalSection
	GlobalSection(SolutionProperties) = preSolution
		HideSolutionNode = FALSE
	EndGlobalSection
	GlobalSection(ExtensibilityGlobals) = postSolution
		SolutionGuid = {59E26434-1774-49B3-96CD-FAFCAFCDF499}
	EndGlobalSection
EndGlobal
